// !$*UTF8*$!
{
	archiveVersion = 1;
	classes = {
	};
	objectVersion = 50;
	objects = {

/* Begin PBXBuildFile section */
		A8619585265E6A9C00AA27C2 /* AppDelegate.swift in Sources */ = {isa = PBXBuildFile; fileRef = A8619584265E6A9C00AA27C2 /* AppDelegate.swift */; };
		A8619587265E6A9C00AA27C2 /* SceneDelegate.swift in Sources */ = {isa = PBXBuildFile; fileRef = A8619586265E6A9C00AA27C2 /* SceneDelegate.swift */; };
		A8619589265E6A9C00AA27C2 /* ContentView.swift in Sources */ = {isa = PBXBuildFile; fileRef = A8619588265E6A9C00AA27C2 /* ContentView.swift */; };
		A861958B265E6AA000AA27C2 /* Assets.xcassets in Resources */ = {isa = PBXBuildFile; fileRef = A861958A265E6AA000AA27C2 /* Assets.xcassets */; };
		A861958E265E6AA000AA27C2 /* Preview Assets.xcassets in Resources */ = {isa = PBXBuildFile; fileRef = A861958D265E6AA000AA27C2 /* Preview Assets.xcassets */; };
		A8619591265E6AA000AA27C2 /* LaunchScreen.storyboard in Resources */ = {isa = PBXBuildFile; fileRef = A861958F265E6AA000AA27C2 /* LaunchScreen.storyboard */; };
		A861959A265E6E4900AA27C2 /* NetworkManager.swift in Sources */ = {isa = PBXBuildFile; fileRef = A8619599265E6E4900AA27C2 /* NetworkManager.swift */; };
		A861959C265E70E800AA27C2 /* PostData.swift in Sources */ = {isa = PBXBuildFile; fileRef = A861959B265E70E800AA27C2 /* PostData.swift */; };
		A861959F265E7A7500AA27C2 /* DetailView.swift in Sources */ = {isa = PBXBuildFile; fileRef = A861959E265E7A7500AA27C2 /* DetailView.swift */; };
/* End PBXBuildFile section */

/* Begin PBXFileReference section */
		A8619581265E6A9C00AA27C2 /* H4X0R News.app */ = {isa = PBXFileReference; explicitFileType = wrapper.application; includeInIndex = 0; path = "H4X0R News.app"; sourceTree = BUILT_PRODUCTS_DIR; };
		A8619584265E6A9C00AA27C2 /* AppDelegate.swift */ = {isa = PBXFileReference; lastKnownFileType = sourcecode.swift; path = AppDelegate.swift; sourceTree = "<group>"; };
		A8619586265E6A9C00AA27C2 /* SceneDelegate.swift */ = {isa = PBXFileReference; lastKnownFileType = sourcecode.swift; path = SceneDelegate.swift; sourceTree = "<group>"; };
		A8619588265E6A9C00AA27C2 /* ContentView.swift */ = {isa = PBXFileReference; lastKnownFileType = sourcecode.swift; path = ContentView.swift; sourceTree = "<group>"; };
		A861958A265E6AA000AA27C2 /* Assets.xcassets */ = {isa = PBXFileReference; lastKnownFileType = folder.assetcatalog; path = Assets.xcassets; sourceTree = "<group>"; };
		A861958D265E6AA000AA27C2 /* Preview Assets.xcassets */ = {isa = PBXFileReference; lastKnownFileType = folder.assetcatalog; path = "Preview Assets.xcassets"; sourceTree = "<group>"; };
		A8619590265E6AA000AA27C2 /* Base */ = {isa = PBXFileReference; lastKnownFileType = file.storyboard; name = Base; path = Base.lproj/LaunchScreen.storyboard; sourceTree = "<group>"; };
		A8619592265E6AA000AA27C2 /* Info.plist */ = {isa = PBXFileReference; lastKnownFileType = text.plist.xml; path = Info.plist; sourceTree = "<group>"; };
		A8619599265E6E4900AA27C2 /* NetworkManager.swift */ = {isa = PBXFileReference; lastKnownFileType = sourcecode.swift; path = NetworkManager.swift; sourceTree = "<group>"; };
		A861959B265E70E800AA27C2 /* PostData.swift */ = {isa = PBXFileReference; lastKnownFileType = sourcecode.swift; path = PostData.swift; sourceTree = "<group>"; };
		A861959E265E7A7500AA27C2 /* DetailView.swift */ = {isa = PBXFileReference; lastKnownFileType = sourcecode.swift; path = DetailView.swift; sourceTree = "<group>"; };
/* End PBXFileReference section */

/* Begin PBXFrameworksBuildPhase section */
		A861957E265E6A9C00AA27C2 /* Frameworks */ = {
			isa = PBXFrameworksBuildPhase;
			buildActionMask = 2147483647;
			files = (
			);
			runOnlyForDeploymentPostprocessing = 0;
		};
/* End PBXFrameworksBuildPhase section */

/* Begin PBXGroup section */
		A8619578265E6A9B00AA27C2 = {
			isa = PBXGroup;
			children = (
				A8619583265E6A9C00AA27C2 /* H4X0R News */,
				A8619582265E6A9C00AA27C2 /* Products */,
			);
			sourceTree = "<group>";
		};
		A8619582265E6A9C00AA27C2 /* Products */ = {
			isa = PBXGroup;
			children = (
				A8619581265E6A9C00AA27C2 /* H4X0R News.app */,
			);
			name = Products;
			sourceTree = "<group>";
		};
		A8619583265E6A9C00AA27C2 /* H4X0R News */ = {
			isa = PBXGroup;
			children = (
				A861959D265E7A5C00AA27C2 /* Views */,
				A8619584265E6A9C00AA27C2 /* AppDelegate.swift */,
				A8619586265E6A9C00AA27C2 /* SceneDelegate.swift */,
				A8619598265E6E2E00AA27C2 /* Models */,
				A861958A265E6AA000AA27C2 /* Assets.xcassets */,
				A861958F265E6AA000AA27C2 /* LaunchScreen.storyboard */,
				A8619592265E6AA000AA27C2 /* Info.plist */,
				A861958C265E6AA000AA27C2 /* Preview Content */,
			);
			path = "H4X0R News";
			sourceTree = "<group>";
		};
		A861958C265E6AA000AA27C2 /* Preview Content */ = {
			isa = PBXGroup;
			children = (
				A861958D265E6AA000AA27C2 /* Preview Assets.xcassets */,
			);
			path = "Preview Content";
			sourceTree = "<group>";
		};
		A8619598265E6E2E00AA27C2 /* Models */ = {
			isa = PBXGroup;
			children = (
				A8619599265E6E4900AA27C2 /* NetworkManager.swift */,
				A861959B265E70E800AA27C2 /* PostData.swift */,
			);
			path = Models;
			sourceTree = "<group>";
		};
		A861959D265E7A5C00AA27C2 /* Views */ = {
			isa = PBXGroup;
			children = (
				A861959E265E7A7500AA27C2 /* DetailView.swift */,
				A8619588265E6A9C00AA27C2 /* ContentView.swift */,
			);
			path = Views;
			sourceTree = "<group>";
		};
/* End PBXGroup section */

/* Begin PBXNativeTarget section */
		A8619580265E6A9C00AA27C2 /* H4X0R News */ = {
			isa = PBXNativeTarget;
			buildConfigurationList = A8619595265E6AA000AA27C2 /* Build configuration list for PBXNativeTarget "H4X0R News" */;
			buildPhases = (
				A861957D265E6A9C00AA27C2 /* Sources */,
				A861957E265E6A9C00AA27C2 /* Frameworks */,
				A861957F265E6A9C00AA27C2 /* Resources */,
			);
			buildRules = (
			);
			dependencies = (
			);
			name = "H4X0R News";
			productName = "H4X0R News";
			productReference = A8619581265E6A9C00AA27C2 /* H4X0R News.app */;
			productType = "com.apple.product-type.application";
		};
/* End PBXNativeTarget section */

/* Begin PBXProject section */
		A8619579265E6A9C00AA27C2 /* Project object */ = {
			isa = PBXProject;
			attributes = {
				LastSwiftUpdateCheck = 1250;
				LastUpgradeCheck = 1250;
				TargetAttributes = {
					A8619580265E6A9C00AA27C2 = {
						CreatedOnToolsVersion = 12.5;
					};
				};
			};
			buildConfigurationList = A861957C265E6A9C00AA27C2 /* Build configuration list for PBXProject "H4X0R News" */;
			compatibilityVersion = "Xcode 9.3";
			developmentRegion = en;
			hasScannedForEncodings = 0;
			knownRegions = (
				en,
				Base,
			);
			mainGroup = A8619578265E6A9B00AA27C2;
			productRefGroup = A8619582265E6A9C00AA27C2 /* Products */;
			projectDirPath = "";
			projectRoot = "";
			targets = (
				A8619580265E6A9C00AA27C2 /* H4X0R News */,
			);
		};
/* End PBXProject section */

/* Begin PBXResourcesBuildPhase section */
		A861957F265E6A9C00AA27C2 /* Resources */ = {
			isa = PBXResourcesBuildPhase;
			buildActionMask = 2147483647;
			files = (
				A8619591265E6AA000AA27C2 /* LaunchScreen.storyboard in Resources */,
				A861958E265E6AA000AA27C2 /* Preview Assets.xcassets in Resources */,
				A861958B265E6AA000AA27C2 /* Assets.xcassets in Resources */,
			);
			runOnlyForDeploymentPostprocessing = 0;
		};
/* End PBXResourcesBuildPhase section */

/* Begin PBXSourcesBuildPhase section */
		A861957D265E6A9C00AA27C2 /* Sources */ = {
			isa = PBXSourcesBuildPhase;
			buildActionMask = 2147483647;
			files = (
				A861959C265E70E800AA27C2 /* PostData.swift in Sources */,
				A861959F265E7A7500AA27C2 /* DetailView.swift in Sources */,
				A861959A265E6E4900AA27C2 /* NetworkManager.swift in Sources */,
				A8619585265E6A9C00AA27C2 /* AppDelegate.swift in Sources */,
				A8619587265E6A9C00AA27C2 /* SceneDelegate.swift in Sources */,
				A8619589265E6A9C00AA27C2 /* ContentView.swift in Sources */,
			);
			runOnlyForDeploymentPostprocessing = 0;
		};
/* End PBXSourcesBuildPhase section */

/* Begin PBXVariantGroup section */
		A861958F265E6AA000AA27C2 /* LaunchScreen.storyboard */ = {
			isa = PBXVariantGroup;
			children = (
				A8619590265E6AA000AA27C2 /* Base */,
			);
			name = LaunchScreen.storyboard;
			sourceTree = "<group>";
		};
/* End PBXVariantGroup section */

/* Begin XCBuildConfiguration section */
		A8619593265E6AA000AA27C2 /* Debug */ = {
			isa = XCBuildConfiguration;
			buildSettings = {
				ALWAYS_SEARCH_USER_PATHS = NO;
				CLANG_ANALYZER_NONNULL = YES;
				CLANG_ANALYZER_NUMBER_OBJECT_CONVERSION = YES_AGGRESSIVE;
				CLANG_CXX_LANGUAGE_STANDARD = "gnu++14";
				CLANG_CXX_LIBRARY = "libc++";
				CLANG_ENABLE_MODULES = YES;
				CLANG_ENABLE_OBJC_ARC = YES;
				CLANG_ENABLE_OBJC_WEAK = YES;
				CLANG_WARN_BLOCK_CAPTURE_AUTORELEASING = YES;
				CLANG_WARN_BOOL_CONVERSION = YES;
				CLANG_WARN_COMMA = YES;
				CLANG_WARN_CONSTANT_CONVERSION = YES;
				CLANG_WARN_DEPRECATED_OBJC_IMPLEMENTATIONS = YES;
				CLANG_WARN_DIRECT_OBJC_ISA_USAGE = YES_ERROR;
				CLANG_WARN_DOCUMENTATION_COMMENTS = YES;
				CLANG_WARN_EMPTY_BODY = YES;
				CLANG_WARN_ENUM_CONVERSION = YES;
				CLANG_WARN_INFINITE_RECURSION = YES;
				CLANG_WARN_INT_CONVERSION = YES;
				CLANG_WARN_NON_LITERAL_NULL_CONVERSION = YES;
				CLANG_WARN_OBJC_IMPLICIT_RETAIN_SELF = YES;
				CLANG_WARN_OBJC_LITERAL_CONVERSION = YES;
				CLANG_WARN_OBJC_ROOT_CLASS = YES_ERROR;
				CLANG_WARN_QUOTED_INCLUDE_IN_FRAMEWORK_HEADER = YES;
				CLANG_WARN_RANGE_LOOP_ANALYSIS = YES;
				CLANG_WARN_STRICT_PROTOTYPES = YES;
				CLANG_WARN_SUSPICIOUS_MOVE = YES;
				CLANG_WARN_UNGUARDED_AVAILABILITY = YES_AGGRESSIVE;
				CLANG_WARN_UNREACHABLE_CODE = YES;
				CLANG_WARN__DUPLICATE_METHOD_MATCH = YES;
				COPY_PHASE_STRIP = NO;
				DEBUG_INFORMATION_FORMAT = dwarf;
				ENABLE_STRICT_OBJC_MSGSEND = YES;
				ENABLE_TESTABILITY = YES;
				GCC_C_LANGUAGE_STANDARD = gnu11;
				GCC_DYNAMIC_NO_PIC = NO;
				GCC_NO_COMMON_BLOCKS = YES;
				GCC_OPTIMIZATION_LEVEL = 0;
				GCC_PREPROCESSOR_DEFINITIONS = (
					"DEBUG=1",
					"$(inherited)",
				);
				GCC_WARN_64_TO_32_BIT_CONVERSION = YES;
				GCC_WARN_ABOUT_RETURN_TYPE = YES_ERROR;
				GCC_WARN_UNDECLARED_SELECTOR = YES;
				GCC_WARN_UNINITIALIZED_AUTOS = YES_AGGRESSIVE;
				GCC_WARN_UNUSED_FUNCTION = YES;
				GCC_WARN_UNUSED_VARIABLE = YES;
				IPHONEOS_DEPLOYMENT_TARGET = 14.5;
				MTL_ENABLE_DEBUG_INFO = INCLUDE_SOURCE;
				MTL_FAST_MATH = YES;
				ONLY_ACTIVE_ARCH = YES;
				SDKROOT = iphoneos;
				SWIFT_ACTIVE_COMPILATION_CONDITIONS = DEBUG;
				SWIFT_OPTIMIZATION_LEVEL = "-Onone";
			};
			name = Debug;
		};
		A8619594265E6AA000AA27C2 /* Release */ = {
			isa = XCBuildConfiguration;
			buildSettings = {
				ALWAYS_SEARCH_USER_PATHS = NO;
				CLANG_ANALYZER_NONNULL = YES;
				CLANG_ANALYZER_NUMBER_OBJECT_CONVERSION = YES_AGGRESSIVE;
				CLANG_CXX_LANGUAGE_STANDARD = "gnu++14";
				CLANG_CXX_LIBRARY = "libc++";
				CLANG_ENABLE_MODULES = YES;
				CLANG_ENABLE_OBJC_ARC = YES;
				CLANG_ENABLE_OBJC_WEAK = YES;
				CLANG_WARN_BLOCK_CAPTURE_AUTORELEASING = YES;
				CLANG_WARN_BOOL_CONVERSION = YES;
				CLANG_WARN_COMMA = YES;
				CLANG_WARN_CONSTANT_CONVERSION = YES;
				CLANG_WARN_DEPRECATED_OBJC_IMPLEMENTATIONS = YES;
				CLANG_WARN_DIRECT_OBJC_ISA_USAGE = YES_ERROR;
				CLANG_WARN_DOCUMENTATION_COMMENTS = YES;
				CLANG_WARN_EMPTY_BODY = YES;
				CLANG_WARN_ENUM_CONVERSION = YES;
				CLANG_WARN_INFINITE_RECURSION = YES;
				CLANG_WARN_INT_CONVERSION = YES;
				CLANG_WARN_NON_LITERAL_NULL_CONVERSION = YES;
				CLANG_WARN_OBJC_IMPLICIT_RETAIN_SELF = YES;
				CLANG_WARN_OBJC_LITERAL_CONVERSION = YES;
				CLANG_WARN_OBJC_ROOT_CLASS = YES_ERROR;
				CLANG_WARN_QUOTED_INCLUDE_IN_FRAMEWORK_HEADER = YES;
				CLANG_WARN_RANGE_LOOP_ANALYSIS = YES;
				CLANG_WARN_STRICT_PROTOTYPES = YES;
				CLANG_WARN_SUSPICIOUS_MOVE = YES;
				CLANG_WARN_UNGUARDED_AVAILABILITY = YES_AGGRESSIVE;
				CLANG_WARN_UNREACHABLE_CODE = YES;
				CLANG_WARN__DUPLICATE_METHOD_MATCH = YES;
				COPY_PHASE_STRIP = NO;
				DEBUG_INFORMATION_FORMAT = "dwarf-with-dsym";
				ENABLE_NS_ASSERTIONS = NO;
				ENABLE_STRICT_OBJC_MSGSEND = YES;
				GCC_C_LANGUAGE_STANDARD = gnu11;
				GCC_NO_COMMON_BLOCKS = YES;
				GCC_WARN_64_TO_32_BIT_CONVERSION = YES;
				GCC_WARN_ABOUT_RETURN_TYPE = YES_ERROR;
				GCC_WARN_UNDECLARED_SELECTOR = YES;
				GCC_WARN_UNINITIALIZED_AUTOS = YES_AGGRESSIVE;
				GCC_WARN_UNUSED_FUNCTION = YES;
				GCC_WARN_UNUSED_VARIABLE = YES;
				IPHONEOS_DEPLOYMENT_TARGET = 14.5;
				MTL_ENABLE_DEBUG_INFO = NO;
				MTL_FAST_MATH = YES;
				SDKROOT = iphoneos;
				SWIFT_COMPILATION_MODE = wholemodule;
				SWIFT_OPTIMIZATION_LEVEL = "-O";
				VALIDATE_PRODUCT = YES;
			};
			name = Release;
		};
		A8619596265E6AA000AA27C2 /* Debug */ = {
			isa = XCBuildConfiguration;
			buildSettings = {
				ASSETCATALOG_COMPILER_APPICON_NAME = AppIcon;
				ASSETCATALOG_COMPILER_GLOBAL_ACCENT_COLOR_NAME = AccentColor;
				CODE_SIGN_STYLE = Automatic;
				DEVELOPMENT_ASSET_PATHS = "\"H4X0R News/Preview Content\"";
				ENABLE_PREVIEWS = YES;
				INFOPLIST_FILE = "H4X0R News/Info.plist";
				LD_RUNPATH_SEARCH_PATHS = (
					"$(inherited)",
					"@executable_path/Frameworks",
				);
				PRODUCT_BUNDLE_IDENTIFIER = "com.wertonical.H4X0R-News";
				PRODUCT_NAME = "$(TARGET_NAME)";
				SWIFT_VERSION = 5.0;
				TARGETED_DEVICE_FAMILY = "1,2";
			};
			name = Debug;
		};
		A8619597265E6AA000AA27C2 /* Release */ = {
			isa = XCBuildConfiguration;
			buildSettings = {
				ASSETCATALOG_COMPILER_APPICON_NAME = AppIcon;
				ASSETCATALOG_COMPILER_GLOBAL_ACCENT_COLOR_NAME = AccentColor;
				CODE_SIGN_STYLE = Automatic;
				DEVELOPMENT_ASSET_PATHS = "\"H4X0R News/Preview Content\"";
				ENABLE_PREVIEWS = YES;
				INFOPLIST_FILE = "H4X0R News/Info.plist";
				LD_RUNPATH_SEARCH_PATHS = (
					"$(inherited)",
					"@executable_path/Frameworks",
				);
				PRODUCT_BUNDLE_IDENTIFIER = "com.wertonical.H4X0R-News";
				PRODUCT_NAME = "$(TARGET_NAME)";
				SWIFT_VERSION = 5.0;
				TARGETED_DEVICE_FAMILY = "1,2";
			};
			name = Release;
		};
/* End XCBuildConfiguration section */

/* Begin XCConfigurationList section */
		A861957C265E6A9C00AA27C2 /* Build configuration list for PBXProject "H4X0R News" */ = {
			isa = XCConfigurationList;
			buildConfigurations = (
				A8619593265E6AA000AA27C2 /* Debug */,
				A8619594265E6AA000AA27C2 /* Release */,
			);
			defaultConfigurationIsVisible = 0;
			defaultConfigurationName = Release;
		};
		A8619595265E6AA000AA27C2 /* Build configuration list for PBXNativeTarget "H4X0R News" */ = {
			isa = XCConfigurationList;
			buildConfigurations = (
				A8619596265E6AA000AA27C2 /* Debug */,
				A8619597265E6AA000AA27C2 /* Release */,
			);
			defaultConfigurationIsVisible = 0;
			defaultConfigurationName = Release;
		};
/* End XCConfigurationList section */
	};
	rootObject = A8619579265E6A9C00AA27C2 /* Project object */;
}
